// !$*UTF8*$!
{
	archiveVersion = 1;
	classes = {
	};
	objectVersion = 55;
	objects = {

/* Begin PBXBuildFile section */
		C39363F0287AAA3F00EB09A3 /* AppDelegate.swift in Sources */ = {isa = PBXBuildFile; fileRef = C39363EF287AAA3F00EB09A3 /* AppDelegate.swift */; };
		C39363F2287AAA3F00EB09A3 /* SceneDelegate.swift in Sources */ = {isa = PBXBuildFile; fileRef = C39363F1287AAA3F00EB09A3 /* SceneDelegate.swift */; };
		C39363F4287AAA3F00EB09A3 /* ViewController.swift in Sources */ = {isa = PBXBuildFile; fileRef = C39363F3287AAA3F00EB09A3 /* ViewController.swift */; };
		C39363F7287AAA3F00EB09A3 /* Main.storyboard in Resources */ = {isa = PBXBuildFile; fileRef = C39363F5287AAA3F00EB09A3 /* Main.storyboard */; };
		C39363F9287AAA4000EB09A3 /* Assets.xcassets in Resources */ = {isa = PBXBuildFile; fileRef = C39363F8287AAA4000EB09A3 /* Assets.xcassets */; };
		C39363FC287AAA4000EB09A3 /* LaunchScreen.storyboard in Resources */ = {isa = PBXBuildFile; fileRef = C39363FA287AAA4000EB09A3 /* LaunchScreen.storyboard */; };
		C3936405287AAB3100EB09A3 /* RxCocoa in Frameworks */ = {isa = PBXBuildFile; productRef = C3936404287AAB3100EB09A3 /* RxCocoa */; };
		C3936407287AAB3100EB09A3 /* RxSwift in Frameworks */ = {isa = PBXBuildFile; productRef = C3936406287AAB3100EB09A3 /* RxSwift */; };
		C3936409287AAB3F00EB09A3 /* LoginViewModel.swift in Sources */ = {isa = PBXBuildFile; fileRef = C3936408287AAB3F00EB09A3 /* LoginViewModel.swift */; };
/* End PBXBuildFile section */

/* Begin PBXFileReference section */
		C39363EC287AAA3F00EB09A3 /* LoginRx.app */ = {isa = PBXFileReference; explicitFileType = wrapper.application; includeInIndex = 0; path = LoginRx.app; sourceTree = BUILT_PRODUCTS_DIR; };
		C39363EF287AAA3F00EB09A3 /* AppDelegate.swift */ = {isa = PBXFileReference; lastKnownFileType = sourcecode.swift; path = AppDelegate.swift; sourceTree = "<group>"; };
		C39363F1287AAA3F00EB09A3 /* SceneDelegate.swift */ = {isa = PBXFileReference; lastKnownFileType = sourcecode.swift; path = SceneDelegate.swift; sourceTree = "<group>"; };
		C39363F3287AAA3F00EB09A3 /* ViewController.swift */ = {isa = PBXFileReference; lastKnownFileType = sourcecode.swift; path = ViewController.swift; sourceTree = "<group>"; };
		C39363F6287AAA3F00EB09A3 /* Base */ = {isa = PBXFileReference; lastKnownFileType = file.storyboard; name = Base; path = Base.lproj/Main.storyboard; sourceTree = "<group>"; };
		C39363F8287AAA4000EB09A3 /* Assets.xcassets */ = {isa = PBXFileReference; lastKnownFileType = folder.assetcatalog; path = Assets.xcassets; sourceTree = "<group>"; };
		C39363FB287AAA4000EB09A3 /* Base */ = {isa = PBXFileReference; lastKnownFileType = file.storyboard; name = Base; path = Base.lproj/LaunchScreen.storyboard; sourceTree = "<group>"; };
		C39363FD287AAA4000EB09A3 /* Info.plist */ = {isa = PBXFileReference; lastKnownFileType = text.plist.xml; path = Info.plist; sourceTree = "<group>"; };
		C3936408287AAB3F00EB09A3 /* LoginViewModel.swift */ = {isa = PBXFileReference; lastKnownFileType = sourcecode.swift; path = LoginViewModel.swift; sourceTree = "<group>"; };
/* End PBXFileReference section */

/* Begin PBXFrameworksBuildPhase section */
		C39363E9287AAA3F00EB09A3 /* Frameworks */ = {
			isa = PBXFrameworksBuildPhase;
			buildActionMask = 2147483647;
			files = (
				C3936407287AAB3100EB09A3 /* RxSwift in Frameworks */,
				C3936405287AAB3100EB09A3 /* RxCocoa in Frameworks */,
			);
			runOnlyForDeploymentPostprocessing = 0;
		};
/* End PBXFrameworksBuildPhase section */

/* Begin PBXGroup section */
		C39363E3287AAA3F00EB09A3 = {
			isa = PBXGroup;
			children = (
				C39363EE287AAA3F00EB09A3 /* LoginRx */,
				C39363ED287AAA3F00EB09A3 /* Products */,
			);
			sourceTree = "<group>";
		};
		C39363ED287AAA3F00EB09A3 /* Products */ = {
			isa = PBXGroup;
			children = (
				C39363EC287AAA3F00EB09A3 /* LoginRx.app */,
			);
			name = Products;
			sourceTree = "<group>";
		};
		C39363EE287AAA3F00EB09A3 /* LoginRx */ = {
			isa = PBXGroup;
			children = (
				C39363EF287AAA3F00EB09A3 /* AppDelegate.swift */,
				C39363F1287AAA3F00EB09A3 /* SceneDelegate.swift */,
				C39363F3287AAA3F00EB09A3 /* ViewController.swift */,
				C3936408287AAB3F00EB09A3 /* LoginViewModel.swift */,
				C39363F5287AAA3F00EB09A3 /* Main.storyboard */,
				C39363F8287AAA4000EB09A3 /* Assets.xcassets */,
				C39363FA287AAA4000EB09A3 /* LaunchScreen.storyboard */,
				C39363FD287AAA4000EB09A3 /* Info.plist */,
			);
			path = LoginRx;
			sourceTree = "<group>";
		};
/* End PBXGroup section */

/* Begin PBXNativeTarget section */
		C39363EB287AAA3F00EB09A3 /* LoginRx */ = {
			isa = PBXNativeTarget;
			buildConfigurationList = C3936400287AAA4000EB09A3 /* Build configuration list for PBXNativeTarget "LoginRx" */;
			buildPhases = (
				C39363E8287AAA3F00EB09A3 /* Sources */,
				C39363E9287AAA3F00EB09A3 /* Frameworks */,
				C39363EA287AAA3F00EB09A3 /* Resources */,
			);
			buildRules = (
			);
			dependencies = (
			);
			name = LoginRx;
			packageProductDependencies = (
				C3936404287AAB3100EB09A3 /* RxCocoa */,
				C3936406287AAB3100EB09A3 /* RxSwift */,
			);
			productName = LoginRx;
			productReference = C39363EC287AAA3F00EB09A3 /* LoginRx.app */;
			productType = "com.apple.product-type.application";
		};
/* End PBXNativeTarget section */

/* Begin PBXProject section */
		C39363E4287AAA3F00EB09A3 /* Project object */ = {
			isa = PBXProject;
			attributes = {
				BuildIndependentTargetsInParallel = 1;
				LastSwiftUpdateCheck = 1340;
				LastUpgradeCheck = 1340;
				TargetAttributes = {
					C39363EB287AAA3F00EB09A3 = {
						CreatedOnToolsVersion = 13.4;
					};
				};
			};
			buildConfigurationList = C39363E7287AAA3F00EB09A3 /* Build configuration list for PBXProject "LoginRx" */;
			compatibilityVersion = "Xcode 13.0";
			developmentRegion = en;
			hasScannedForEncodings = 0;
			knownRegions = (
				en,
				Base,
			);
			mainGroup = C39363E3287AAA3F00EB09A3;
			packageReferences = (
				C3936403287AAB3100EB09A3 /* XCRemoteSwiftPackageReference "RxSwift" */,
			);
			productRefGroup = C39363ED287AAA3F00EB09A3 /* Products */;
			projectDirPath = "";
			projectRoot = "";
			targets = (
				C39363EB287AAA3F00EB09A3 /* LoginRx */,
			);
		};
/* End PBXProject section */

/* Begin PBXResourcesBuildPhase section */
		C39363EA287AAA3F00EB09A3 /* Resources */ = {
			isa = PBXResourcesBuildPhase;
			buildActionMask = 2147483647;
			files = (
				C39363FC287AAA4000EB09A3 /* LaunchScreen.storyboard in Resources */,
				C39363F9287AAA4000EB09A3 /* Assets.xcassets in Resources */,
				C39363F7287AAA3F00EB09A3 /* Main.storyboard in Resources */,
			);
			runOnlyForDeploymentPostprocessing = 0;
		};
/* End PBXResourcesBuildPhase section */

/* Begin PBXSourcesBuildPhase section */
		C39363E8287AAA3F00EB09A3 /* Sources */ = {
			isa = PBXSourcesBuildPhase;
			buildActionMask = 2147483647;
			files = (
				C3936409287AAB3F00EB09A3 /* LoginViewModel.swift in Sources */,
				C39363F4287AAA3F00EB09A3 /* ViewController.swift in Sources */,
				C39363F0287AAA3F00EB09A3 /* AppDelegate.swift in Sources */,
				C39363F2287AAA3F00EB09A3 /* SceneDelegate.swift in Sources */,
			);
			runOnlyForDeploymentPostprocessing = 0;
		};
/* End PBXSourcesBuildPhase section */

/* Begin PBXVariantGroup section */
		C39363F5287AAA3F00EB09A3 /* Main.storyboard */ = {
			isa = PBXVariantGroup;
			children = (
				C39363F6287AAA3F00EB09A3 /* Base */,
			);
			name = Main.storyboard;
			sourceTree = "<group>";
		};
		C39363FA287AAA4000EB09A3 /* LaunchScreen.storyboard */ = {
			isa = PBXVariantGroup;
			children = (
				C39363FB287AAA4000EB09A3 /* Base */,
			);
			name = LaunchScreen.storyboard;
			sourceTree = "<group>";
		};
/* End PBXVariantGroup section */

/* Begin XCBuildConfiguration section */
		C39363FE287AAA4000EB09A3 /* Debug */ = {
			isa = XCBuildConfiguration;
			buildSettings = {
				ALWAYS_SEARCH_USER_PATHS = NO;
				CLANG_ANALYZER_NONNULL = YES;
				CLANG_ANALYZER_NUMBER_OBJECT_CONVERSION = YES_AGGRESSIVE;
				CLANG_CXX_LANGUAGE_STANDARD = "gnu++17";
				CLANG_ENABLE_MODULES = YES;
				CLANG_ENABLE_OBJC_ARC = YES;
				CLANG_ENABLE_OBJC_WEAK = YES;
				CLANG_WARN_BLOCK_CAPTURE_AUTORELEASING = YES;
				CLANG_WARN_BOOL_CONVERSION = YES;
				CLANG_WARN_COMMA = YES;
				CLANG_WARN_CONSTANT_CONVERSION = YES;
				CLANG_WARN_DEPRECATED_OBJC_IMPLEMENTATIONS = YES;
				CLANG_WARN_DIRECT_OBJC_ISA_USAGE = YES_ERROR;
				CLANG_WARN_DOCUMENTATION_COMMENTS = YES;
				CLANG_WARN_EMPTY_BODY = YES;
				CLANG_WARN_ENUM_CONVERSION = YES;
				CLANG_WARN_INFINITE_RECURSION = YES;
				CLANG_WARN_INT_CONVERSION = YES;
				CLANG_WARN_NON_LITERAL_NULL_CONVERSION = YES;
				CLANG_WARN_OBJC_IMPLICIT_RETAIN_SELF = YES;
				CLANG_WARN_OBJC_LITERAL_CONVERSION = YES;
				CLANG_WARN_OBJC_ROOT_CLASS = YES_ERROR;
				CLANG_WARN_QUOTED_INCLUDE_IN_FRAMEWORK_HEADER = YES;
				CLANG_WARN_RANGE_LOOP_ANALYSIS = YES;
				CLANG_WARN_STRICT_PROTOTYPES = YES;
				CLANG_WARN_SUSPICIOUS_MOVE = YES;
				CLANG_WARN_UNGUARDED_AVAILABILITY = YES_AGGRESSIVE;
				CLANG_WARN_UNREACHABLE_CODE = YES;
				CLANG_WARN__DUPLICATE_METHOD_MATCH = YES;
				COPY_PHASE_STRIP = NO;
				DEBUG_INFORMATION_FORMAT = dwarf;
				ENABLE_STRICT_OBJC_MSGSEND = YES;
				ENABLE_TESTABILITY = YES;
				GCC_C_LANGUAGE_STANDARD = gnu11;
				GCC_DYNAMIC_NO_PIC = NO;
				GCC_NO_COMMON_BLOCKS = YES;
				GCC_OPTIMIZATION_LEVEL = 0;
				GCC_PREPROCESSOR_DEFINITIONS = (
					"DEBUG=1",
					"$(inherited)",
				);
				GCC_WARN_64_TO_32_BIT_CONVERSION = YES;
				GCC_WARN_ABOUT_RETURN_TYPE = YES_ERROR;
				GCC_WARN_UNDECLARED_SELECTOR = YES;
				GCC_WARN_UNINITIALIZED_AUTOS = YES_AGGRESSIVE;
				GCC_WARN_UNUSED_FUNCTION = YES;
				GCC_WARN_UNUSED_VARIABLE = YES;
				IPHONEOS_DEPLOYMENT_TARGET = 15.5;
				MTL_ENABLE_DEBUG_INFO = INCLUDE_SOURCE;
				MTL_FAST_MATH = YES;
				ONLY_ACTIVE_ARCH = YES;
				SDKROOT = iphoneos;
				SWIFT_ACTIVE_COMPILATION_CONDITIONS = DEBUG;
				SWIFT_OPTIMIZATION_LEVEL = "-Onone";
			};
			name = Debug;
		};
		C39363FF287AAA4000EB09A3 /* Release */ = {
			isa = XCBuildConfiguration;
			buildSettings = {
				ALWAYS_SEARCH_USER_PATHS = NO;
				CLANG_ANALYZER_NONNULL = YES;
				CLANG_ANALYZER_NUMBER_OBJECT_CONVERSION = YES_AGGRESSIVE;
				CLANG_CXX_LANGUAGE_STANDARD = "gnu++17";
				CLANG_ENABLE_MODULES = YES;
				CLANG_ENABLE_OBJC_ARC = YES;
				CLANG_ENABLE_OBJC_WEAK = YES;
				CLANG_WARN_BLOCK_CAPTURE_AUTORELEASING = YES;
				CLANG_WARN_BOOL_CONVERSION = YES;
				CLANG_WARN_COMMA = YES;
				CLANG_WARN_CONSTANT_CONVERSION = YES;
				CLANG_WARN_DEPRECATED_OBJC_IMPLEMENTATIONS = YES;
				CLANG_WARN_DIRECT_OBJC_ISA_USAGE = YES_ERROR;
				CLANG_WARN_DOCUMENTATION_COMMENTS = YES;
				CLANG_WARN_EMPTY_BODY = YES;
				CLANG_WARN_ENUM_CONVERSION = YES;
				CLANG_WARN_INFINITE_RECURSION = YES;
				CLANG_WARN_INT_CONVERSION = YES;
				CLANG_WARN_NON_LITERAL_NULL_CONVERSION = YES;
				CLANG_WARN_OBJC_IMPLICIT_RETAIN_SELF = YES;
				CLANG_WARN_OBJC_LITERAL_CONVERSION = YES;
				CLANG_WARN_OBJC_ROOT_CLASS = YES_ERROR;
				CLANG_WARN_QUOTED_INCLUDE_IN_FRAMEWORK_HEADER = YES;
				CLANG_WARN_RANGE_LOOP_ANALYSIS = YES;
				CLANG_WARN_STRICT_PROTOTYPES = YES;
				CLANG_WARN_SUSPICIOUS_MOVE = YES;
				CLANG_WARN_UNGUARDED_AVAILABILITY = YES_AGGRESSIVE;
				CLANG_WARN_UNREACHABLE_CODE = YES;
				CLANG_WARN__DUPLICATE_METHOD_MATCH = YES;
				COPY_PHASE_STRIP = NO;
				DEBUG_INFORMATION_FORMAT = "dwarf-with-dsym";
				ENABLE_NS_ASSERTIONS = NO;
				ENABLE_STRICT_OBJC_MSGSEND = YES;
				GCC_C_LANGUAGE_STANDARD = gnu11;
				GCC_NO_COMMON_BLOCKS = YES;
				GCC_WARN_64_TO_32_BIT_CONVERSION = YES;
				GCC_WARN_ABOUT_RETURN_TYPE = YES_ERROR;
				GCC_WARN_UNDECLARED_SELECTOR = YES;
				GCC_WARN_UNINITIALIZED_AUTOS = YES_AGGRESSIVE;
				GCC_WARN_UNUSED_FUNCTION = YES;
				GCC_WARN_UNUSED_VARIABLE = YES;
				IPHONEOS_DEPLOYMENT_TARGET = 15.5;
				MTL_ENABLE_DEBUG_INFO = NO;
				MTL_FAST_MATH = YES;
				SDKROOT = iphoneos;
				SWIFT_COMPILATION_MODE = wholemodule;
				SWIFT_OPTIMIZATION_LEVEL = "-O";
				VALIDATE_PRODUCT = YES;
			};
			name = Release;
		};
		C3936401287AAA4000EB09A3 /* Debug */ = {
			isa = XCBuildConfiguration;
			buildSettings = {
				ASSETCATALOG_COMPILER_APPICON_NAME = AppIcon;
				ASSETCATALOG_COMPILER_GLOBAL_ACCENT_COLOR_NAME = AccentColor;
				CODE_SIGN_STYLE = Automatic;
				CURRENT_PROJECT_VERSION = 1;
				DEVELOPMENT_TEAM = V79D5NF575;
				GENERATE_INFOPLIST_FILE = YES;
				INFOPLIST_FILE = LoginRx/Info.plist;
				INFOPLIST_KEY_UIApplicationSupportsIndirectInputEvents = YES;
				INFOPLIST_KEY_UILaunchStoryboardName = LaunchScreen;
				INFOPLIST_KEY_UIMainStoryboardFile = Main;
				INFOPLIST_KEY_UISupportedInterfaceOrientations_iPad = "UIInterfaceOrientationPortrait UIInterfaceOrientationPortraitUpsideDown UIInterfaceOrientationLandscapeLeft UIInterfaceOrientationLandscapeRight";
				INFOPLIST_KEY_UISupportedInterfaceOrientations_iPhone = "UIInterfaceOrientationPortrait UIInterfaceOrientationLandscapeLeft UIInterfaceOrientationLandscapeRight";
				LD_RUNPATH_SEARCH_PATHS = (
					"$(inherited)",
					"@executable_path/Frameworks",
				);
				MARKETING_VERSION = 1.0;
				PRODUCT_BUNDLE_IDENTIFIER = com.uk.01.LoginRx;
				PRODUCT_NAME = "$(TARGET_NAME)";
				SWIFT_EMIT_LOC_STRINGS = YES;
				SWIFT_VERSION = 5.0;
				TARGETED_DEVICE_FAMILY = "1,2";
			};
			name = Debug;
		};
		C3936402287AAA4000EB09A3 /* Release */ = {
			isa = XCBuildConfiguration;
			buildSettings = {
				ASSETCATALOG_COMPILER_APPICON_NAME = AppIcon;
				ASSETCATALOG_COMPILER_GLOBAL_ACCENT_COLOR_NAME = AccentColor;
				CODE_SIGN_STYLE = Automatic;
				CURRENT_PROJECT_VERSION = 1;
				DEVELOPMENT_TEAM = V79D5NF575;
				GENERATE_INFOPLIST_FILE = YES;
				INFOPLIST_FILE = LoginRx/Info.plist;
				INFOPLIST_KEY_UIApplicationSupportsIndirectInputEvents = YES;
				INFOPLIST_KEY_UILaunchStoryboardName = LaunchScreen;
				INFOPLIST_KEY_UIMainStoryboardFile = Main;
				INFOPLIST_KEY_UISupportedInterfaceOrientations_iPad = "UIInterfaceOrientationPortrait UIInterfaceOrientationPortraitUpsideDown UIInterfaceOrientationLandscapeLeft UIInterfaceOrientationLandscapeRight";
				INFOPLIST_KEY_UISupportedInterfaceOrientations_iPhone = "UIInterfaceOrientationPortrait UIInterfaceOrientationLandscapeLeft UIInterfaceOrientationLandscapeRight";
				LD_RUNPATH_SEARCH_PATHS = (
					"$(inherited)",
					"@executable_path/Frameworks",
				);
				MARKETING_VERSION = 1.0;
				PRODUCT_BUNDLE_IDENTIFIER = com.uk.01.LoginRx;
				PRODUCT_NAME = "$(TARGET_NAME)";
				SWIFT_EMIT_LOC_STRINGS = YES;
				SWIFT_VERSION = 5.0;
				TARGETED_DEVICE_FAMILY = "1,2";
			};
			name = Release;
		};
/* End XCBuildConfiguration section */

/* Begin XCConfigurationList section */
		C39363E7287AAA3F00EB09A3 /* Build configuration list for PBXProject "LoginRx" */ = {
			isa = XCConfigurationList;
			buildConfigurations = (
				C39363FE287AAA4000EB09A3 /* Debug */,
				C39363FF287AAA4000EB09A3 /* Release */,
			);
			defaultConfigurationIsVisible = 0;
			defaultConfigurationName = Release;
		};
		C3936400287AAA4000EB09A3 /* Build configuration list for PBXNativeTarget "LoginRx" */ = {
			isa = XCConfigurationList;
			buildConfigurations = (
				C3936401287AAA4000EB09A3 /* Debug */,
				C3936402287AAA4000EB09A3 /* Release */,
			);
			defaultConfigurationIsVisible = 0;
			defaultConfigurationName = Release;
		};
/* End XCConfigurationList section */

/* Begin XCRemoteSwiftPackageReference section */
		C3936403287AAB3100EB09A3 /* XCRemoteSwiftPackageReference "RxSwift" */ = {
			isa = XCRemoteSwiftPackageReference;
			repositoryURL = "https://github.com/ReactiveX/RxSwift";
			requirement = {
				branch = main;
				kind = branch;
			};
		};
/* End XCRemoteSwiftPackageReference section */

/* Begin XCSwiftPackageProductDependency section */
		C3936404287AAB3100EB09A3 /* RxCocoa */ = {
			isa = XCSwiftPackageProductDependency;
			package = C3936403287AAB3100EB09A3 /* XCRemoteSwiftPackageReference "RxSwift" */;
			productName = RxCocoa;
		};
		C3936406287AAB3100EB09A3 /* RxSwift */ = {
			isa = XCSwiftPackageProductDependency;
			package = C3936403287AAB3100EB09A3 /* XCRemoteSwiftPackageReference "RxSwift" */;
			productName = RxSwift;
		};
/* End XCSwiftPackageProductDependency section */
	};
	rootObject = C39363E4287AAA3F00EB09A3 /* Project object */;
}
